
Microsoft Visual Studio Solution File, Format Version 12.00
# Visual Studio Version 16
VisualStudioVersion = 16.0.30711.63
MinimumVisualStudioVersion = 10.0.40219.1
Project("{FAE04EC0-301F-11D3-BF4B-00C04F79EFBC}") = "BDSJSR2", "BDSJSR2\BDSJSR2.csproj", "{66AE6ADE-A388-4D07-B21A-803225A8B93C}"
EndProject
Global
	GlobalSection(SolutionConfigurationPlatforms) = preSolution
		Debug|Any CPU = Debug|Any CPU
		Release|Any CPU = Release|Any CPU
	EndGlobalSection
	GlobalSection(ProjectConfigurationPlatforms) = postSolution
		{66AE6ADE-A388-4D07-B21A-803225A8B93C}.Debug|Any CPU.ActiveCfg = Debug|Any CPU
		{66AE6ADE-A388-4D07-B21A-803225A8B93C}.Debug|Any CPU.Build.0 = Debug|Any CPU
		{66AE6ADE-A388-4D07-B21A-803225A8B93C}.Release|Any CPU.ActiveCfg = Release|Any CPU
		{66AE6ADE-A388-4D07-B21A-803225A8B93C}.Release|Any CPU.Build.0 = Release|Any CPU
	EndGlobalSection
	GlobalSection(SolutionProperties) = preSolution
		HideSolutionNode = FALSE
	EndGlobalSection
	GlobalSection(ExtensibilityGlobals) = postSolution
		SolutionGuid = {8B8BE588-7DB0-44E8-8BB3-CBF7357E49E4}
	EndGlobalSection
EndGlobal
